
Microsoft Visual Studio Solution File, Format Version 12.00
# Visual Studio Version 16
VisualStudioVersion = 16.0.28803.156
MinimumVisualStudioVersion = 10.0.40219.1
Project("{9A19103F-16F7-4668-BE54-9A1E7A4F7556}") = "DB2BM.Abstractions", "DB2BM.Abstractions\DB2BM.Abstractions.csproj", "{274CBD17-CC23-4342-8267-9E4ADE223130}"
EndProject
Project("{9A19103F-16F7-4668-BE54-9A1E7A4F7556}") = "DB2BM.Extensions.EFCore", "DB2BM.Extensions.EFCore\DB2BM.Extensions.EFCore.csproj", "{9DA2C43E-C416-4D49-B6B2-93C0C2EE8E7E}"
EndProject
Project("{9A19103F-16F7-4668-BE54-9A1E7A4F7556}") = "DB2BM.Extensions.PgSql", "DB2BM.Extensions.PgSql\DB2BM.Extensions.PgSql.csproj", "{BD3D3BF4-B14A-43F2-A022-A0D3A93C7B10}"
EndProject
Project("{9A19103F-16F7-4668-BE54-9A1E7A4F7556}") = "DB2BM", "DB2BM\DB2BM.csproj", "{DE9A66D4-8AD7-4ADC-838A-815890C3369B}"
EndProject
Project("{9A19103F-16F7-4668-BE54-9A1E7A4F7556}") = "DB2BM.Utils", "DB2BM.Utils\DB2BM.Utils.csproj", "{551FD4D4-BDF5-4692-94A8-A0F6DF49E666}"
EndProject
Project("{9A19103F-16F7-4668-BE54-9A1E7A4F7556}") = "DB2BM.Extensions.Semantic", "DB2BM.Extensions.Semantic\DB2BM.Extensions.Semantic.csproj", "{8BE3773D-553A-48FC-8AAA-631FA7F9D7CC}"
EndProject
Project("{9A19103F-16F7-4668-BE54-9A1E7A4F7556}") = "DB2BM.Extensions.AnsiCatalog", "DB2BM.Extensions.AnsiCatalog\DB2BM.Extensions.AnsiCatalog.csproj", "{1FB2B3B3-ACFD-456D-9581-E13E47091E2E}"
EndProject
Project("{FAE04EC0-301F-11D3-BF4B-00C04F79EFBC}") = "DB2BM.Extensions.AntlrSyntacticAnalyser", "DB2BM.Extensions.AntlrSyntacticAnalyser\DB2BM.Extensions.AntlrSyntacticAnalyser.csproj", "{C290B584-4879-4A4F-AB93-F65FA2D9E1A9}"
EndProject
Project("{FAE04EC0-301F-11D3-BF4B-00C04F79EFBC}") = "DB2BM.Extensions.BusinessGenerator", "DB2BM.Extensions.BusinessGenerator\DB2BM.Extensions.BusinessGenerator.csproj", "{8C7F64AF-2574-43B8-B223-BE1F6B7BD0CA}"
EndProject
Global
	GlobalSection(SolutionConfigurationPlatforms) = preSolution
		Debug|Any CPU = Debug|Any CPU
		Release|Any CPU = Release|Any CPU
	EndGlobalSection
	GlobalSection(ProjectConfigurationPlatforms) = postSolution
		{274CBD17-CC23-4342-8267-9E4ADE223130}.Debug|Any CPU.ActiveCfg = Debug|Any CPU
		{274CBD17-CC23-4342-8267-9E4ADE223130}.Debug|Any CPU.Build.0 = Debug|Any CPU
		{274CBD17-CC23-4342-8267-9E4ADE223130}.Release|Any CPU.ActiveCfg = Release|Any CPU
		{274CBD17-CC23-4342-8267-9E4ADE223130}.Release|Any CPU.Build.0 = Release|Any CPU
		{9DA2C43E-C416-4D49-B6B2-93C0C2EE8E7E}.Debug|Any CPU.ActiveCfg = Debug|Any CPU
		{9DA2C43E-C416-4D49-B6B2-93C0C2EE8E7E}.Debug|Any CPU.Build.0 = Debug|Any CPU
		{9DA2C43E-C416-4D49-B6B2-93C0C2EE8E7E}.Release|Any CPU.ActiveCfg = Release|Any CPU
		{9DA2C43E-C416-4D49-B6B2-93C0C2EE8E7E}.Release|Any CPU.Build.0 = Release|Any CPU
		{BD3D3BF4-B14A-43F2-A022-A0D3A93C7B10}.Debug|Any CPU.ActiveCfg = Debug|Any CPU
		{BD3D3BF4-B14A-43F2-A022-A0D3A93C7B10}.Debug|Any CPU.Build.0 = Debug|Any CPU
		{BD3D3BF4-B14A-43F2-A022-A0D3A93C7B10}.Release|Any CPU.ActiveCfg = Release|Any CPU
		{BD3D3BF4-B14A-43F2-A022-A0D3A93C7B10}.Release|Any CPU.Build.0 = Release|Any CPU
		{DE9A66D4-8AD7-4ADC-838A-815890C3369B}.Debug|Any CPU.ActiveCfg = Debug|Any CPU
		{DE9A66D4-8AD7-4ADC-838A-815890C3369B}.Debug|Any CPU.Build.0 = Debug|Any CPU
		{DE9A66D4-8AD7-4ADC-838A-815890C3369B}.Release|Any CPU.ActiveCfg = Release|Any CPU
		{DE9A66D4-8AD7-4ADC-838A-815890C3369B}.Release|Any CPU.Build.0 = Release|Any CPU
		{551FD4D4-BDF5-4692-94A8-A0F6DF49E666}.Debug|Any CPU.ActiveCfg = Debug|Any CPU
		{551FD4D4-BDF5-4692-94A8-A0F6DF49E666}.Debug|Any CPU.Build.0 = Debug|Any CPU
		{551FD4D4-BDF5-4692-94A8-A0F6DF49E666}.Release|Any CPU.ActiveCfg = Release|Any CPU
		{551FD4D4-BDF5-4692-94A8-A0F6DF49E666}.Release|Any CPU.Build.0 = Release|Any CPU
		{8BE3773D-553A-48FC-8AAA-631FA7F9D7CC}.Debug|Any CPU.ActiveCfg = Debug|Any CPU
		{8BE3773D-553A-48FC-8AAA-631FA7F9D7CC}.Debug|Any CPU.Build.0 = Debug|Any CPU
		{8BE3773D-553A-48FC-8AAA-631FA7F9D7CC}.Release|Any CPU.ActiveCfg = Release|Any CPU
		{8BE3773D-553A-48FC-8AAA-631FA7F9D7CC}.Release|Any CPU.Build.0 = Release|Any CPU
		{1FB2B3B3-ACFD-456D-9581-E13E47091E2E}.Debug|Any CPU.ActiveCfg = Debug|Any CPU
		{1FB2B3B3-ACFD-456D-9581-E13E47091E2E}.Debug|Any CPU.Build.0 = Debug|Any CPU
		{1FB2B3B3-ACFD-456D-9581-E13E47091E2E}.Release|Any CPU.ActiveCfg = Release|Any CPU
		{1FB2B3B3-ACFD-456D-9581-E13E47091E2E}.Release|Any CPU.Build.0 = Release|Any CPU
		{C290B584-4879-4A4F-AB93-F65FA2D9E1A9}.Debug|Any CPU.ActiveCfg = Debug|Any CPU
		{C290B584-4879-4A4F-AB93-F65FA2D9E1A9}.Debug|Any CPU.Build.0 = Debug|Any CPU
		{C290B584-4879-4A4F-AB93-F65FA2D9E1A9}.Release|Any CPU.ActiveCfg = Release|Any CPU
		{C290B584-4879-4A4F-AB93-F65FA2D9E1A9}.Release|Any CPU.Build.0 = Release|Any CPU
		{8C7F64AF-2574-43B8-B223-BE1F6B7BD0CA}.Debug|Any CPU.ActiveCfg = Debug|Any CPU
		{8C7F64AF-2574-43B8-B223-BE1F6B7BD0CA}.Debug|Any CPU.Build.0 = Debug|Any CPU
		{8C7F64AF-2574-43B8-B223-BE1F6B7BD0CA}.Release|Any CPU.ActiveCfg = Release|Any CPU
		{8C7F64AF-2574-43B8-B223-BE1F6B7BD0CA}.Release|Any CPU.Build.0 = Release|Any CPU
	EndGlobalSection
	GlobalSection(SolutionProperties) = preSolution
		HideSolutionNode = FALSE
	EndGlobalSection
	GlobalSection(ExtensibilityGlobals) = postSolution
		SolutionGuid = {78476163-090C-41A0-A7FE-15A4A686419E}
	EndGlobalSection
EndGlobal
